<Solution>
  <Folder Name="/Solution Items/">
    <File Path=".editorconfig" />
    <File Path="secretsTemplate.txt" />
  </Folder>
  <Project Path="Notes.AppHost/Notes.AppHost.csproj" />
  <Project Path="Notes.ServiceDefaults/Notes.ServiceDefaults.csproj" />
  <Project Path="Notes/Notes.Client/Notes.Client.csproj" />
  <Project Path="Notes/Notes/Notes.csproj" />
</Solution>
